{
  "version": 4,
  "terraform_version": "1.3.0",
  "serial": 15,
  "lineage": "8b8418af-5050-f279-402b-e2735d17315f",
  "outputs": {
    "external_ip_address_vm_1": {
      "value": "158.160.3.187",
      "type": "string"
    },
    "internal_ip_address_vm_1": {
      "value": "192.168.0.23",
      "type": "string"
    }
  },
  "resources": [
    {
      "mode": "managed",
      "type": "yandex_compute_instance",
      "name": "vm-1",
      "provider": "provider[\"registry.terraform.io/yandex-cloud/yandex\"]",
      "instances": [
        {
          "schema_version": 1,
          "attributes": {
            "allow_recreate": null,
            "allow_stopping_for_update": null,
            "boot_disk": [
              {
                "auto_delete": true,
                "device_name": "epdhufpqv54o879qe4qv",
                "disk_id": "epdhufpqv54o879qe4qv",
                "initialize_params": [
                  {
                    "block_size": 4096,
                    "description": "",
                    "image_id": "fd8autg36kchufhej85b",
                    "name": "",
                    "size": 5,
                    "snapshot_id": "",
                    "type": "network-hdd"
                  }
                ],
                "mode": "READ_WRITE"
              }
            ],
            "created_at": "2022-09-29T12:34:43Z",
            "description": "",
            "folder_id": "b1g1j1i6en6gp7r74vak",
            "fqdn": "epd9ac16sqnm9hn8uhv9.auto.internal",
            "hostname": "",
            "id": "epd9ac16sqnm9hn8uhv9",
            "labels": {},
            "local_disk": [],
            "metadata": {
              "ssh-keys": "ubuntu:ssh-rsa AAAAB3NzaC1yc2EAAAADAQABAAABgQDiE/0TXI8c4PfOmXy9jsMyI1l13iSqb1LmPIMzEVzeMNHBhHmjh6Jf2+t/t3Lgyq8vuQzd74xy8y/O2GluekEsQKjzH+wgVRusmQrrTbQPULdaK/LenNnyLN+jX5f265vQe4DqD7BBqwbe/3mL8j4LZReD3U2aJcVWsqojM2rUK4vBJsE2O9GNRermU2Lz+UetO1tzmVg6qk5zcC2onhIVSMLdBPgpbFeuLeHWQ8HZhaWdwX/2LCrSuicUiOkM1Rbhwu+mZERKqsp4GW8LzCQyz9DY42+toSrYJeoyCgyGyjPbeg8lxjZcWHkxezA2IcXFrzqr+Ntstrg9PpCOytBVy+KOiiNxbN7OgxCK2IeaW3CCXBI3K4YcByL8O4SS/0cBQ5IfNnwAOdms4enRRfQEDYBim18Wc0/l/+FtWlPdhJ1zCz7Y+YqprbPdG8Uk971j58zUIf3mxMIeYqcMdHtlull/QO2pZR4fGWEvbJJujjfxUd1gci2Oo8nQWZa1SA0= amina@Aminas-MacBook-Air.local\n"
            },
            "name": "terraform1",
            "network_acceleration_type": "standard",
            "network_interface": [
              {
                "dns_record": [],
                "index": 0,
                "ip_address": "192.168.0.23",
                "ipv4": true,
                "ipv6": false,
                "ipv6_address": "",
                "ipv6_dns_record": [],
                "mac_address": "d0:0d:95:30:26:e6",
                "nat": true,
                "nat_dns_record": [],
                "nat_ip_address": "158.160.3.187",
                "nat_ip_version": "IPV4",
                "security_group_ids": [],
                "subnet_id": "e2lskiqqfjuql7cknkbr"
              }
            ],
            "placement_policy": [
              {
                "host_affinity_rules": [],
                "placement_group_id": ""
              }
            ],
            "platform_id": "standard-v1",
            "resources": [
              {
                "core_fraction": 100,
                "cores": 2,
                "gpus": 0,
                "memory": 2
              }
            ],
            "scheduling_policy": [
              {
                "preemptible": false
              }
            ],
            "secondary_disk": [],
            "service_account_id": "",
            "status": "running",
            "timeouts": null,
            "zone": "ru-central1-b"
          },
          "sensitive_attributes": [],
          "private": "eyJlMmJmYjczMC1lY2FhLTExZTYtOGY4OC0zNDM2M2JjN2M0YzAiOnsiY3JlYXRlIjozMDAwMDAwMDAwMDAsImRlbGV0ZSI6MzAwMDAwMDAwMDAwLCJ1cGRhdGUiOjMwMDAwMDAwMDAwMH0sInNjaGVtYV92ZXJzaW9uIjoiMSJ9",
          "dependencies": [
            "yandex_vpc_network.network-1",
            "yandex_vpc_subnet.subnet-1"
          ]
        }
      ]
    },
    {
      "mode": "managed",
      "type": "yandex_vpc_network",
      "name": "network-1",
      "provider": "provider[\"registry.terraform.io/yandex-cloud/yandex\"]",
      "instances": [
        {
          "schema_version": 0,
          "attributes": {
            "created_at": "2022-09-29T12:33:34Z",
            "default_security_group_id": "",
            "description": "",
            "folder_id": "b1g1j1i6en6gp7r74vak",
            "id": "enpitmricc8fqmk486vk",
            "labels": {},
            "name": "network1",
            "subnet_ids": [
              "e2lskiqqfjuql7cknkbr"
            ],
            "timeouts": null
          },
          "sensitive_attributes": [],
          "private": "eyJlMmJmYjczMC1lY2FhLTExZTYtOGY4OC0zNDM2M2JjN2M0YzAiOnsiY3JlYXRlIjo2MDAwMDAwMDAwMCwiZGVsZXRlIjo2MDAwMDAwMDAwMCwidXBkYXRlIjo2MDAwMDAwMDAwMH19"
        }
      ]
    },
    {
      "mode": "managed",
      "type": "yandex_vpc_subnet",
      "name": "subnet-1",
      "provider": "provider[\"registry.terraform.io/yandex-cloud/yandex\"]",
      "instances": [
        {
          "schema_version": 0,
          "attributes": {
            "created_at": "2022-09-29T12:33:35Z",
            "description": "",
            "dhcp_options": [],
            "folder_id": "b1g1j1i6en6gp7r74vak",
            "id": "e2lskiqqfjuql7cknkbr",
            "labels": {},
            "name": "subnet1",
            "network_id": "enpitmricc8fqmk486vk",
            "route_table_id": "",
            "timeouts": null,
            "v4_cidr_blocks": [
              "192.168.0.0/24"
            ],
            "v6_cidr_blocks": [],
            "zone": "ru-central1-b"
          },
          "sensitive_attributes": [],
          "private": "eyJlMmJmYjczMC1lY2FhLTExZTYtOGY4OC0zNDM2M2JjN2M0YzAiOnsiY3JlYXRlIjoxODAwMDAwMDAwMDAsImRlbGV0ZSI6MTgwMDAwMDAwMDAwLCJ1cGRhdGUiOjE4MDAwMDAwMDAwMH19",
          "dependencies": [
            "yandex_vpc_network.network-1"
          ]
        }
      ]
    }
  ],
  "check_results": []
}
