{
  "version": 4,
  "terraform_version": "1.3.0",
  "serial": 1,
  "lineage": "38933fae-79aa-6605-ec5a-bb67f85e446c",
  "outputs": {},
  "resources": [
    {
      "mode": "managed",
      "type": "github_repository",
      "name": "DevOps",
      "provider": "provider[\"registry.terraform.io/integrations/github\"]",
      "instances": [
        {
          "schema_version": 0,
          "attributes": {
            "allow_auto_merge": false,
            "allow_merge_commit": true,
            "allow_rebase_merge": false,
            "allow_squash_merge": false,
            "archive_on_destroy": null,
            "archived": false,
            "auto_init": false,
            "branches": [
              {
                "name": "lab1",
                "protected": false
              },
              {
                "name": "lab2",
                "protected": false
              },
              {
                "name": "lab3",
                "protected": false
              },
              {
                "name": "lab4",
                "protected": false
              },
              {
                "name": "master",
                "protected": true
              }
            ],
            "default_branch": "master",
            "delete_branch_on_merge": false,
            "description": "DevOps Course Labs",
            "etag": "W/\"66f5744bbfa2c42586fee043e6f5b57336b98226140d18ac6e49b0a46a39e399\"",
            "full_name": "Amina19058/DevOps",
            "git_clone_url": "git://github.com/Amina19058/DevOps.git",
            "gitignore_template": null,
            "has_downloads": false,
            "has_issues": false,
            "has_projects": false,
            "has_wiki": true,
            "homepage_url": "",
            "html_url": "https://github.com/Amina19058/DevOps",
            "http_clone_url": "https://github.com/Amina19058/DevOps.git",
            "id": "DevOps",
            "ignore_vulnerability_alerts_during_read": null,
            "is_template": false,
            "license_template": null,
            "merge_commit_message": "PR_TITLE",
            "merge_commit_title": "MERGE_MESSAGE",
            "name": "DevOps",
            "node_id": "R_kgDOH_M3rA",
            "pages": [],
            "private": false,
            "repo_id": 536033196,
            "squash_merge_commit_message": "COMMIT_MESSAGES",
            "squash_merge_commit_title": "COMMIT_OR_PR_TITLE",
            "ssh_clone_url": "git@github.com:Amina19058/DevOps.git",
            "svn_url": "https://github.com/Amina19058/DevOps",
            "template": [],
            "topics": [],
            "visibility": "public",
            "vulnerability_alerts": false
          },
          "sensitive_attributes": [],
          "private": "eyJzY2hlbWFfdmVyc2lvbiI6IjAifQ=="
        }
      ]
    }
  ],
  "check_results": null
}
